
Microsoft Visual Studio Solution File, Format Version 12.00
# Visual Studio 15
VisualStudioVersion = 15.0.28307.168
MinimumVisualStudioVersion = 10.0.40219.1
Project("{FAE04EC0-301F-11D3-BF4B-00C04F79EFBC}") = "SolidExamples", "SolidExamples\SolidExamples.csproj", "{FE0BC850-E1AC-4B43-A51E-39A90F26DD28}"
EndProject
Global
	GlobalSection(SolutionConfigurationPlatforms) = preSolution
		Debug|Any CPU = Debug|Any CPU
		Release|Any CPU = Release|Any CPU
	EndGlobalSection
	GlobalSection(ProjectConfigurationPlatforms) = postSolution
		{FE0BC850-E1AC-4B43-A51E-39A90F26DD28}.Debug|Any CPU.ActiveCfg = Debug|Any CPU
		{FE0BC850-E1AC-4B43-A51E-39A90F26DD28}.Debug|Any CPU.Build.0 = Debug|Any CPU
		{FE0BC850-E1AC-4B43-A51E-39A90F26DD28}.Release|Any CPU.ActiveCfg = Release|Any CPU
		{FE0BC850-E1AC-4B43-A51E-39A90F26DD28}.Release|Any CPU.Build.0 = Release|Any CPU
	EndGlobalSection
	GlobalSection(SolutionProperties) = preSolution
		HideSolutionNode = FALSE
	EndGlobalSection
	GlobalSection(ExtensibilityGlobals) = postSolution
		SolutionGuid = {1BE3D347-639F-4551-B720-E2AB530166E9}
	EndGlobalSection
EndGlobal
