
Microsoft Visual Studio Solution File, Format Version 12.00
# Visual Studio 15
VisualStudioVersion = 15.0.28307.168
MinimumVisualStudioVersion = 10.0.40219.1
Project("{FAE04EC0-301F-11D3-BF4B-00C04F79EFBC}") = "Fizzbuzz", "Fizzbuzz\Fizzbuzz.csproj", "{EC11887D-984F-4B25-8080-C8358DB33310}"
EndProject
Project("{FAE04EC0-301F-11D3-BF4B-00C04F79EFBC}") = "FizzBuzzTests", "FizzBuzzTests\FizzBuzzTests.csproj", "{1D9BC368-39DF-41BB-B969-C190F68D8E67}"
EndProject
Global
	GlobalSection(SolutionConfigurationPlatforms) = preSolution
		Debug|Any CPU = Debug|Any CPU
		Release|Any CPU = Release|Any CPU
	EndGlobalSection
	GlobalSection(ProjectConfigurationPlatforms) = postSolution
		{EC11887D-984F-4B25-8080-C8358DB33310}.Debug|Any CPU.ActiveCfg = Debug|Any CPU
		{EC11887D-984F-4B25-8080-C8358DB33310}.Debug|Any CPU.Build.0 = Debug|Any CPU
		{EC11887D-984F-4B25-8080-C8358DB33310}.Release|Any CPU.ActiveCfg = Release|Any CPU
		{EC11887D-984F-4B25-8080-C8358DB33310}.Release|Any CPU.Build.0 = Release|Any CPU
		{1D9BC368-39DF-41BB-B969-C190F68D8E67}.Debug|Any CPU.ActiveCfg = Debug|Any CPU
		{1D9BC368-39DF-41BB-B969-C190F68D8E67}.Debug|Any CPU.Build.0 = Debug|Any CPU
		{1D9BC368-39DF-41BB-B969-C190F68D8E67}.Release|Any CPU.ActiveCfg = Release|Any CPU
		{1D9BC368-39DF-41BB-B969-C190F68D8E67}.Release|Any CPU.Build.0 = Release|Any CPU
	EndGlobalSection
	GlobalSection(SolutionProperties) = preSolution
		HideSolutionNode = FALSE
	EndGlobalSection
	GlobalSection(ExtensibilityGlobals) = postSolution
		SolutionGuid = {1129BDA6-CE43-4EEA-924D-DC878AA7834A}
	EndGlobalSection
EndGlobal
