
Microsoft Visual Studio Solution File, Format Version 12.00
# Visual Studio 15
VisualStudioVersion = 15.0.28307.168
MinimumVisualStudioVersion = 10.0.40219.1
Project("{FAE04EC0-301F-11D3-BF4B-00C04F79EFBC}") = "LargeDataChunking", "LargeDataChunking\LargeDataChunking.csproj", "{6AEE2E31-0485-43E2-BDFA-067965612696}"
EndProject
Global
	GlobalSection(SolutionConfigurationPlatforms) = preSolution
		Debug|Any CPU = Debug|Any CPU
		Release|Any CPU = Release|Any CPU
	EndGlobalSection
	GlobalSection(ProjectConfigurationPlatforms) = postSolution
		{6AEE2E31-0485-43E2-BDFA-067965612696}.Debug|Any CPU.ActiveCfg = Debug|Any CPU
		{6AEE2E31-0485-43E2-BDFA-067965612696}.Debug|Any CPU.Build.0 = Debug|Any CPU
		{6AEE2E31-0485-43E2-BDFA-067965612696}.Release|Any CPU.ActiveCfg = Release|Any CPU
		{6AEE2E31-0485-43E2-BDFA-067965612696}.Release|Any CPU.Build.0 = Release|Any CPU
	EndGlobalSection
	GlobalSection(SolutionProperties) = preSolution
		HideSolutionNode = FALSE
	EndGlobalSection
	GlobalSection(ExtensibilityGlobals) = postSolution
		SolutionGuid = {85341E40-9622-4C2A-AFA8-7B62130954E9}
	EndGlobalSection
EndGlobal
